
Microsoft Visual Studio Solution File, Format Version 12.00
# Visual Studio Version 17
VisualStudioVersion = 17.4.33122.133
MinimumVisualStudioVersion = 10.0.40219.1
Project("{FAE04EC0-301F-11D3-BF4B-00C04F79EFBC}") = "Laboratorio01", "Laboratorio01\Laboratorio01.csproj", "{21721721-BE29-4B79-A9A3-FEBFB756D9BD}"
EndProject
Global
	GlobalSection(SolutionConfigurationPlatforms) = preSolution
		Debug|Any CPU = Debug|Any CPU
		Release|Any CPU = Release|Any CPU
	EndGlobalSection
	GlobalSection(ProjectConfigurationPlatforms) = postSolution
		{21721721-BE29-4B79-A9A3-FEBFB756D9BD}.Debug|Any CPU.ActiveCfg = Debug|Any CPU
		{21721721-BE29-4B79-A9A3-FEBFB756D9BD}.Debug|Any CPU.Build.0 = Debug|Any CPU
		{21721721-BE29-4B79-A9A3-FEBFB756D9BD}.Release|Any CPU.ActiveCfg = Release|Any CPU
		{21721721-BE29-4B79-A9A3-FEBFB756D9BD}.Release|Any CPU.Build.0 = Release|Any CPU
	EndGlobalSection
	GlobalSection(SolutionProperties) = preSolution
		HideSolutionNode = FALSE
	EndGlobalSection
	GlobalSection(ExtensibilityGlobals) = postSolution
		SolutionGuid = {4A457C49-F665-4F6E-8383-42555F23CB4F}
	EndGlobalSection
EndGlobal
